
Microsoft Visual Studio Solution File, Format Version 12.00
# Visual Studio 15
VisualStudioVersion = 15.0.28307.329
MinimumVisualStudioVersion = 10.0.40219.1
Project("{FAE04EC0-301F-11D3-BF4B-00C04F79EFBC}") = "TestMailApp", "TestMailApp\TestMailApp.csproj", "{32945CF9-310E-49B7-B266-A1E0AA7664B2}"
EndProject
Project("{9A19103F-16F7-4668-BE54-9A1E7A4F7556}") = "EntitiesLibrary", "EntitiesLibrary\EntitiesLibrary.csproj", "{56659E4B-95DE-4966-8E9D-39FFBA87011F}"
EndProject
Project("{FAE04EC0-301F-11D3-BF4B-00C04F79EFBC}") = "WcfServiceProject", "WcfServiceProject\WcfServiceProject.csproj", "{7B440A47-68FA-4FEB-B481-E588439D0EFD}"
EndProject
Project("{00D1A9C2-B5F0-4AF3-8072-F6C62B433612}") = "DatabaseMail", "DatabaseMail\DatabaseMail.sqlproj", "{9B624D54-9F6C-4D15-B816-689939D4977C}"
EndProject
Global
	GlobalSection(SolutionConfigurationPlatforms) = preSolution
		Debug|Any CPU = Debug|Any CPU
		Release|Any CPU = Release|Any CPU
	EndGlobalSection
	GlobalSection(ProjectConfigurationPlatforms) = postSolution
		{32945CF9-310E-49B7-B266-A1E0AA7664B2}.Debug|Any CPU.ActiveCfg = Debug|Any CPU
		{32945CF9-310E-49B7-B266-A1E0AA7664B2}.Debug|Any CPU.Build.0 = Debug|Any CPU
		{32945CF9-310E-49B7-B266-A1E0AA7664B2}.Release|Any CPU.ActiveCfg = Release|Any CPU
		{32945CF9-310E-49B7-B266-A1E0AA7664B2}.Release|Any CPU.Build.0 = Release|Any CPU
		{56659E4B-95DE-4966-8E9D-39FFBA87011F}.Debug|Any CPU.ActiveCfg = Debug|Any CPU
		{56659E4B-95DE-4966-8E9D-39FFBA87011F}.Debug|Any CPU.Build.0 = Debug|Any CPU
		{56659E4B-95DE-4966-8E9D-39FFBA87011F}.Release|Any CPU.ActiveCfg = Release|Any CPU
		{56659E4B-95DE-4966-8E9D-39FFBA87011F}.Release|Any CPU.Build.0 = Release|Any CPU
		{7B440A47-68FA-4FEB-B481-E588439D0EFD}.Debug|Any CPU.ActiveCfg = Debug|Any CPU
		{7B440A47-68FA-4FEB-B481-E588439D0EFD}.Debug|Any CPU.Build.0 = Debug|Any CPU
		{7B440A47-68FA-4FEB-B481-E588439D0EFD}.Release|Any CPU.ActiveCfg = Release|Any CPU
		{7B440A47-68FA-4FEB-B481-E588439D0EFD}.Release|Any CPU.Build.0 = Release|Any CPU
		{9B624D54-9F6C-4D15-B816-689939D4977C}.Debug|Any CPU.ActiveCfg = Debug|Any CPU
		{9B624D54-9F6C-4D15-B816-689939D4977C}.Debug|Any CPU.Build.0 = Debug|Any CPU
		{9B624D54-9F6C-4D15-B816-689939D4977C}.Debug|Any CPU.Deploy.0 = Debug|Any CPU
		{9B624D54-9F6C-4D15-B816-689939D4977C}.Release|Any CPU.ActiveCfg = Release|Any CPU
		{9B624D54-9F6C-4D15-B816-689939D4977C}.Release|Any CPU.Build.0 = Release|Any CPU
		{9B624D54-9F6C-4D15-B816-689939D4977C}.Release|Any CPU.Deploy.0 = Release|Any CPU
	EndGlobalSection
	GlobalSection(SolutionProperties) = preSolution
		HideSolutionNode = FALSE
	EndGlobalSection
	GlobalSection(ExtensibilityGlobals) = postSolution
		SolutionGuid = {B77BAB6E-DAE4-4656-945C-1BF5A5DB3439}
	EndGlobalSection
EndGlobal
